
Microsoft Visual Studio Solution File, Format Version 12.00
# Visual Studio 15
VisualStudioVersion = 15.0.28010.2048
MinimumVisualStudioVersion = 10.0.40219.1
Project("{FAE04EC0-301F-11D3-BF4B-00C04F79EFBC}") = "learnArray", "learnArray\learnArray.csproj", "{D3F5F218-69FD-4D84-9607-32A0D7856709}"
EndProject
Global
	GlobalSection(SolutionConfigurationPlatforms) = preSolution
		Debug|Any CPU = Debug|Any CPU
		Release|Any CPU = Release|Any CPU
	EndGlobalSection
	GlobalSection(ProjectConfigurationPlatforms) = postSolution
		{D3F5F218-69FD-4D84-9607-32A0D7856709}.Debug|Any CPU.ActiveCfg = Debug|Any CPU
		{D3F5F218-69FD-4D84-9607-32A0D7856709}.Debug|Any CPU.Build.0 = Debug|Any CPU
		{D3F5F218-69FD-4D84-9607-32A0D7856709}.Release|Any CPU.ActiveCfg = Release|Any CPU
		{D3F5F218-69FD-4D84-9607-32A0D7856709}.Release|Any CPU.Build.0 = Release|Any CPU
	EndGlobalSection
	GlobalSection(SolutionProperties) = preSolution
		HideSolutionNode = FALSE
	EndGlobalSection
	GlobalSection(ExtensibilityGlobals) = postSolution
		SolutionGuid = {150BBEF8-5A6F-4FA7-A4FD-495F646BF2F1}
	EndGlobalSection
EndGlobal
