
Microsoft Visual Studio Solution File, Format Version 12.00
# Visual Studio 15
VisualStudioVersion = 15.0.28010.2048
MinimumVisualStudioVersion = 10.0.40219.1
Project("{FAE04EC0-301F-11D3-BF4B-00C04F79EFBC}") = "variables", "variables\variables.csproj", "{98C730AD-2577-401D-889A-8104F8A347F8}"
EndProject
Global
	GlobalSection(SolutionConfigurationPlatforms) = preSolution
		Debug|Any CPU = Debug|Any CPU
		Release|Any CPU = Release|Any CPU
	EndGlobalSection
	GlobalSection(ProjectConfigurationPlatforms) = postSolution
		{98C730AD-2577-401D-889A-8104F8A347F8}.Debug|Any CPU.ActiveCfg = Debug|Any CPU
		{98C730AD-2577-401D-889A-8104F8A347F8}.Debug|Any CPU.Build.0 = Debug|Any CPU
		{98C730AD-2577-401D-889A-8104F8A347F8}.Release|Any CPU.ActiveCfg = Release|Any CPU
		{98C730AD-2577-401D-889A-8104F8A347F8}.Release|Any CPU.Build.0 = Release|Any CPU
	EndGlobalSection
	GlobalSection(SolutionProperties) = preSolution
		HideSolutionNode = FALSE
	EndGlobalSection
	GlobalSection(ExtensibilityGlobals) = postSolution
		SolutionGuid = {A2A1CA3D-4FB0-4F82-AE49-62866E244C4C}
	EndGlobalSection
EndGlobal
